
Microsoft Visual Studio Solution File, Format Version 12.00
# Visual Studio Version 17
VisualStudioVersion = 17.4.33122.133
MinimumVisualStudioVersion = 10.0.40219.1
Project("{9A19103F-16F7-4668-BE54-9A1E7A4F7556}") = "Day6", "Day6.csproj", "{D388A57F-C064-444A-98BC-3355370FE570}"
EndProject
Global
	GlobalSection(SolutionConfigurationPlatforms) = preSolution
		Debug|Any CPU = Debug|Any CPU
		Release|Any CPU = Release|Any CPU
	EndGlobalSection
	GlobalSection(ProjectConfigurationPlatforms) = postSolution
		{D388A57F-C064-444A-98BC-3355370FE570}.Debug|Any CPU.ActiveCfg = Debug|Any CPU
		{D388A57F-C064-444A-98BC-3355370FE570}.Debug|Any CPU.Build.0 = Debug|Any CPU
		{D388A57F-C064-444A-98BC-3355370FE570}.Release|Any CPU.ActiveCfg = Release|Any CPU
		{D388A57F-C064-444A-98BC-3355370FE570}.Release|Any CPU.Build.0 = Release|Any CPU
	EndGlobalSection
	GlobalSection(SolutionProperties) = preSolution
		HideSolutionNode = FALSE
	EndGlobalSection
	GlobalSection(ExtensibilityGlobals) = postSolution
		SolutionGuid = {1E2590BF-2F01-4052-835B-9D032A842745}
	EndGlobalSection
EndGlobal
